
Microsoft Visual Studio Solution File, Format Version 12.00
# Visual Studio 2017
Project("{FAE04EC0-301F-11D3-BF4B-00C04F79EFBC}") = "araba", "araba.csproj", "{2EC5EF56-661C-A1DF-15CC-A7FD66D3F339}"
EndProject
Global
	GlobalSection(SolutionConfigurationPlatforms) = preSolution
		Debug|Any CPU = Debug|Any CPU
		Release|Any CPU = Release|Any CPU
	EndGlobalSection
	GlobalSection(ProjectConfigurationPlatforms) = postSolution
		{2EC5EF56-661C-A1DF-15CC-A7FD66D3F339}.Debug|Any CPU.ActiveCfg = Debug|Any CPU
		{2EC5EF56-661C-A1DF-15CC-A7FD66D3F339}.Debug|Any CPU.Build.0 = Debug|Any CPU
		{2EC5EF56-661C-A1DF-15CC-A7FD66D3F339}.Release|Any CPU.ActiveCfg = Release|Any CPU
		{2EC5EF56-661C-A1DF-15CC-A7FD66D3F339}.Release|Any CPU.Build.0 = Release|Any CPU
	EndGlobalSection
	GlobalSection(SolutionProperties) = preSolution
		HideSolutionNode = FALSE
	EndGlobalSection
EndGlobal
